// !$*UTF8*$!
{
	archiveVersion = 1;
	classes = {
	};
	objectVersion = 46;
	objects = {

/* Begin PBXBuildFile section */
		3725C5961C654A82009CF29B /* TextFieldDelegate.swift in Sources */ = {isa = PBXBuildFile; fileRef = 3725C5951C654A82009CF29B /* TextFieldDelegate.swift */; };
		374A4F021C7E79B7003E2529 /* CoreDataStackManager.swift in Sources */ = {isa = PBXBuildFile; fileRef = 374A4F011C7E79B7003E2529 /* CoreDataStackManager.swift */; };
		374A4F061C7E7D22003E2529 /* Model.xcdatamodeld in Sources */ = {isa = PBXBuildFile; fileRef = 374A4F041C7E7D22003E2529 /* Model.xcdatamodeld */; };
		37ADA16A1C66728A0011E0CA /* MemeCollectionViewController.swift in Sources */ = {isa = PBXBuildFile; fileRef = 37ADA1691C66728A0011E0CA /* MemeCollectionViewController.swift */; };
		37ADA16F1C668D020011E0CA /* MemeDetailViewController.swift in Sources */ = {isa = PBXBuildFile; fileRef = 37ADA16E1C668D020011E0CA /* MemeDetailViewController.swift */; };
		37DF27281C63BF1E00F0CE72 /* AppDelegate.swift in Sources */ = {isa = PBXBuildFile; fileRef = 37DF27271C63BF1E00F0CE72 /* AppDelegate.swift */; };
		37DF272A1C63BF1E00F0CE72 /* MemeEditorViewController.swift in Sources */ = {isa = PBXBuildFile; fileRef = 37DF27291C63BF1E00F0CE72 /* MemeEditorViewController.swift */; };
		37DF272D1C63BF1E00F0CE72 /* Main.storyboard in Resources */ = {isa = PBXBuildFile; fileRef = 37DF272B1C63BF1E00F0CE72 /* Main.storyboard */; };
		37DF272F1C63BF1E00F0CE72 /* Assets.xcassets in Resources */ = {isa = PBXBuildFile; fileRef = 37DF272E1C63BF1E00F0CE72 /* Assets.xcassets */; };
		37DF27321C63BF1E00F0CE72 /* LaunchScreen.storyboard in Resources */ = {isa = PBXBuildFile; fileRef = 37DF27301C63BF1E00F0CE72 /* LaunchScreen.storyboard */; };
		37DF274F1C65122A00F0CE72 /* Meme.swift in Sources */ = {isa = PBXBuildFile; fileRef = 37DF274E1C65122A00F0CE72 /* Meme.swift */; };
		37DF27511C65137400F0CE72 /* README.md in Sources */ = {isa = PBXBuildFile; fileRef = 37DF27501C65137400F0CE72 /* README.md */; };
		37EBCB081C6586BD00C44315 /* MemeCollectionCellView.swift in Sources */ = {isa = PBXBuildFile; fileRef = 37EBCB071C6586BD00C44315 /* MemeCollectionCellView.swift */; };
		37F39ECD1C6657710018C5F9 /* MemeTableViewController.swift in Sources */ = {isa = PBXBuildFile; fileRef = 37F39ECC1C6657710018C5F9 /* MemeTableViewController.swift */; };
		37F39ECF1C6658670018C5F9 /* MemeTableViewCell.swift in Sources */ = {isa = PBXBuildFile; fileRef = 37F39ECE1C6658670018C5F9 /* MemeTableViewCell.swift */; };
/* End PBXBuildFile section */

/* Begin PBXFileReference section */
		3725C5951C654A82009CF29B /* TextFieldDelegate.swift */ = {isa = PBXFileReference; fileEncoding = 4; lastKnownFileType = sourcecode.swift; path = TextFieldDelegate.swift; sourceTree = "<group>"; };
		374A4F011C7E79B7003E2529 /* CoreDataStackManager.swift */ = {isa = PBXFileReference; fileEncoding = 4; lastKnownFileType = sourcecode.swift; name = CoreDataStackManager.swift; path = "../../ios-persistence-2.0/CoreDataMasterDetail/CoreDataMasterDetail/CoreDataStackManager.swift"; sourceTree = "<group>"; };
		374A4F051C7E7D22003E2529 /* Model.xcdatamodel */ = {isa = PBXFileReference; lastKnownFileType = wrapper.xcdatamodel; path = Model.xcdatamodel; sourceTree = "<group>"; };
		37ADA1691C66728A0011E0CA /* MemeCollectionViewController.swift */ = {isa = PBXFileReference; fileEncoding = 4; lastKnownFileType = sourcecode.swift; path = MemeCollectionViewController.swift; sourceTree = "<group>"; };
		37ADA16E1C668D020011E0CA /* MemeDetailViewController.swift */ = {isa = PBXFileReference; fileEncoding = 4; lastKnownFileType = sourcecode.swift; path = MemeDetailViewController.swift; sourceTree = "<group>"; };
		37DF27241C63BF1E00F0CE72 /* MemeMe.app */ = {isa = PBXFileReference; explicitFileType = wrapper.application; includeInIndex = 0; path = MemeMe.app; sourceTree = BUILT_PRODUCTS_DIR; };
		37DF27271C63BF1E00F0CE72 /* AppDelegate.swift */ = {isa = PBXFileReference; lastKnownFileType = sourcecode.swift; path = AppDelegate.swift; sourceTree = "<group>"; };
		37DF27291C63BF1E00F0CE72 /* MemeEditorViewController.swift */ = {isa = PBXFileReference; lastKnownFileType = sourcecode.swift; path = MemeEditorViewController.swift; sourceTree = "<group>"; };
		37DF272C1C63BF1E00F0CE72 /* Base */ = {isa = PBXFileReference; lastKnownFileType = file.storyboard; name = Base; path = Base.lproj/Main.storyboard; sourceTree = "<group>"; };
		37DF272E1C63BF1E00F0CE72 /* Assets.xcassets */ = {isa = PBXFileReference; lastKnownFileType = folder.assetcatalog; path = Assets.xcassets; sourceTree = "<group>"; };
		37DF27311C63BF1E00F0CE72 /* Base */ = {isa = PBXFileReference; lastKnownFileType = file.storyboard; name = Base; path = Base.lproj/LaunchScreen.storyboard; sourceTree = "<group>"; };
		37DF27331C63BF1E00F0CE72 /* Info.plist */ = {isa = PBXFileReference; lastKnownFileType = text.plist.xml; path = Info.plist; sourceTree = "<group>"; };
		37DF274E1C65122A00F0CE72 /* Meme.swift */ = {isa = PBXFileReference; fileEncoding = 4; lastKnownFileType = sourcecode.swift; path = Meme.swift; sourceTree = "<group>"; };
		37DF27501C65137400F0CE72 /* README.md */ = {isa = PBXFileReference; fileEncoding = 4; lastKnownFileType = net.daringfireball.markdown; path = README.md; sourceTree = "<group>"; };
		37EBCB071C6586BD00C44315 /* MemeCollectionCellView.swift */ = {isa = PBXFileReference; fileEncoding = 4; lastKnownFileType = sourcecode.swift; path = MemeCollectionCellView.swift; sourceTree = "<group>"; };
		37F39ECC1C6657710018C5F9 /* MemeTableViewController.swift */ = {isa = PBXFileReference; fileEncoding = 4; lastKnownFileType = sourcecode.swift; path = MemeTableViewController.swift; sourceTree = "<group>"; };
		37F39ECE1C6658670018C5F9 /* MemeTableViewCell.swift */ = {isa = PBXFileReference; fileEncoding = 4; lastKnownFileType = sourcecode.swift; path = MemeTableViewCell.swift; sourceTree = "<group>"; };
/* End PBXFileReference section */

/* Begin PBXFrameworksBuildPhase section */
		37DF27211C63BF1E00F0CE72 /* Frameworks */ = {
			isa = PBXFrameworksBuildPhase;
			buildActionMask = 2147483647;
			files = (
			);
			runOnlyForDeploymentPostprocessing = 0;
		};
/* End PBXFrameworksBuildPhase section */

/* Begin PBXGroup section */
		3725C5941C654A76009CF29B /* Delegates */ = {
			isa = PBXGroup;
			children = (
				3725C5951C654A82009CF29B /* TextFieldDelegate.swift */,
			);
			name = Delegates;
			sourceTree = "<group>";
		};
		374A4F031C7E7D11003E2529 /* CoreData */ = {
			isa = PBXGroup;
			children = (
				374A4F041C7E7D22003E2529 /* Model.xcdatamodeld */,
			);
			name = CoreData;
			sourceTree = "<group>";
		};
		37DF271B1C63BF1E00F0CE72 = {
			isa = PBXGroup;
			children = (
				37DF27501C65137400F0CE72 /* README.md */,
				37DF27261C63BF1E00F0CE72 /* MemeMe */,
				37DF27251C63BF1E00F0CE72 /* Products */,
			);
			sourceTree = "<group>";
		};
		37DF27251C63BF1E00F0CE72 /* Products */ = {
			isa = PBXGroup;
			children = (
				37DF27241C63BF1E00F0CE72 /* MemeMe.app */,
			);
			name = Products;
			sourceTree = "<group>";
		};
		37DF27261C63BF1E00F0CE72 /* MemeMe */ = {
			isa = PBXGroup;
			children = (
				374A4F031C7E7D11003E2529 /* CoreData */,
				37EBCB061C65869C00C44315 /* Views */,
				3725C5941C654A76009CF29B /* Delegates */,
				37DF274D1C65121700F0CE72 /* Models */,
				37DF274B1C65034800F0CE72 /* Controllers */,
				37DF274C1C65034E00F0CE72 /* Storyboards */,
				37DF274A1C65034100F0CE72 /* Supporting Files */,
			);
			path = MemeMe;
			sourceTree = "<group>";
		};
		37DF274A1C65034100F0CE72 /* Supporting Files */ = {
			isa = PBXGroup;
			children = (
				37DF27271C63BF1E00F0CE72 /* AppDelegate.swift */,
				37DF272E1C63BF1E00F0CE72 /* Assets.xcassets */,
				37DF27301C63BF1E00F0CE72 /* LaunchScreen.storyboard */,
				37DF27331C63BF1E00F0CE72 /* Info.plist */,
			);
			name = "Supporting Files";
			sourceTree = "<group>";
		};
		37DF274B1C65034800F0CE72 /* Controllers */ = {
			isa = PBXGroup;
			children = (
				37DF27291C63BF1E00F0CE72 /* MemeEditorViewController.swift */,
				37F39ECC1C6657710018C5F9 /* MemeTableViewController.swift */,
				37ADA1691C66728A0011E0CA /* MemeCollectionViewController.swift */,
				37ADA16E1C668D020011E0CA /* MemeDetailViewController.swift */,
			);
			name = Controllers;
			sourceTree = "<group>";
		};
		37DF274C1C65034E00F0CE72 /* Storyboards */ = {
			isa = PBXGroup;
			children = (
				37DF272B1C63BF1E00F0CE72 /* Main.storyboard */,
			);
			name = Storyboards;
			sourceTree = "<group>";
		};
		37DF274D1C65121700F0CE72 /* Models */ = {
			isa = PBXGroup;
			children = (
				374A4F011C7E79B7003E2529 /* CoreDataStackManager.swift */,
				37DF274E1C65122A00F0CE72 /* Meme.swift */,
			);
			name = Models;
			sourceTree = "<group>";
		};
		37EBCB061C65869C00C44315 /* Views */ = {
			isa = PBXGroup;
			children = (
				37EBCB071C6586BD00C44315 /* MemeCollectionCellView.swift */,
				37F39ECE1C6658670018C5F9 /* MemeTableViewCell.swift */,
			);
			name = Views;
			sourceTree = "<group>";
		};
/* End PBXGroup section */

/* Begin PBXNativeTarget section */
		37DF27231C63BF1E00F0CE72 /* MemeMe */ = {
			isa = PBXNativeTarget;
			buildConfigurationList = 37DF27361C63BF1E00F0CE72 /* Build configuration list for PBXNativeTarget "MemeMe" */;
			buildPhases = (
				37DF27201C63BF1E00F0CE72 /* Sources */,
				37DF27211C63BF1E00F0CE72 /* Frameworks */,
				37DF27221C63BF1E00F0CE72 /* Resources */,
			);
			buildRules = (
			);
			dependencies = (
			);
			name = MemeMe;
			productName = MemeMe;
			productReference = 37DF27241C63BF1E00F0CE72 /* MemeMe.app */;
			productType = "com.apple.product-type.application";
		};
/* End PBXNativeTarget section */

/* Begin PBXProject section */
		37DF271C1C63BF1E00F0CE72 /* Project object */ = {
			isa = PBXProject;
			attributes = {
				LastSwiftUpdateCheck = 0720;
				LastUpgradeCheck = 0720;
				ORGANIZATIONNAME = "Xing Hui Lu";
				TargetAttributes = {
					37DF27231C63BF1E00F0CE72 = {
						CreatedOnToolsVersion = 7.2;
						DevelopmentTeam = 462GCHQH93;
					};
				};
			};
			buildConfigurationList = 37DF271F1C63BF1E00F0CE72 /* Build configuration list for PBXProject "MemeMe" */;
			compatibilityVersion = "Xcode 3.2";
			developmentRegion = English;
			hasScannedForEncodings = 0;
			knownRegions = (
				en,
				Base,
			);
			mainGroup = 37DF271B1C63BF1E00F0CE72;
			productRefGroup = 37DF27251C63BF1E00F0CE72 /* Products */;
			projectDirPath = "";
			projectRoot = "";
			targets = (
				37DF27231C63BF1E00F0CE72 /* MemeMe */,
			);
		};
/* End PBXProject section */

/* Begin PBXResourcesBuildPhase section */
		37DF27221C63BF1E00F0CE72 /* Resources */ = {
			isa = PBXResourcesBuildPhase;
			buildActionMask = 2147483647;
			files = (
				37DF27321C63BF1E00F0CE72 /* LaunchScreen.storyboard in Resources */,
				37DF272F1C63BF1E00F0CE72 /* Assets.xcassets in Resources */,
				37DF272D1C63BF1E00F0CE72 /* Main.storyboard in Resources */,
			);
			runOnlyForDeploymentPostprocessing = 0;
		};
/* End PBXResourcesBuildPhase section */

/* Begin PBXSourcesBuildPhase section */
		37DF27201C63BF1E00F0CE72 /* Sources */ = {
			isa = PBXSourcesBuildPhase;
			buildActionMask = 2147483647;
			files = (
				37EBCB081C6586BD00C44315 /* MemeCollectionCellView.swift in Sources */,
				37F39ECF1C6658670018C5F9 /* MemeTableViewCell.swift in Sources */,
				374A4F021C7E79B7003E2529 /* CoreDataStackManager.swift in Sources */,
				37F39ECD1C6657710018C5F9 /* MemeTableViewController.swift in Sources */,
				37DF274F1C65122A00F0CE72 /* Meme.swift in Sources */,
				37ADA16A1C66728A0011E0CA /* MemeCollectionViewController.swift in Sources */,
				37DF272A1C63BF1E00F0CE72 /* MemeEditorViewController.swift in Sources */,
				37DF27511C65137400F0CE72 /* README.md in Sources */,
				3725C5961C654A82009CF29B /* TextFieldDelegate.swift in Sources */,
				37DF27281C63BF1E00F0CE72 /* AppDelegate.swift in Sources */,
				37ADA16F1C668D020011E0CA /* MemeDetailViewController.swift in Sources */,
				374A4F061C7E7D22003E2529 /* Model.xcdatamodeld in Sources */,
			);
			runOnlyForDeploymentPostprocessing = 0;
		};
/* End PBXSourcesBuildPhase section */

/* Begin PBXVariantGroup section */
		37DF272B1C63BF1E00F0CE72 /* Main.storyboard */ = {
			isa = PBXVariantGroup;
			children = (
				37DF272C1C63BF1E00F0CE72 /* Base */,
			);
			name = Main.storyboard;
			sourceTree = "<group>";
		};
		37DF27301C63BF1E00F0CE72 /* LaunchScreen.storyboard */ = {
			isa = PBXVariantGroup;
			children = (
				37DF27311C63BF1E00F0CE72 /* Base */,
			);
			name = LaunchScreen.storyboard;
			sourceTree = "<group>";
		};
/* End PBXVariantGroup section */

/* Begin XCBuildConfiguration section */
		37DF27341C63BF1E00F0CE72 /* Debug */ = {
			isa = XCBuildConfiguration;
			buildSettings = {
				ALWAYS_SEARCH_USER_PATHS = NO;
				CLANG_CXX_LANGUAGE_STANDARD = "gnu++0x";
				CLANG_CXX_LIBRARY = "libc++";
				CLANG_ENABLE_MODULES = YES;
				CLANG_ENABLE_OBJC_ARC = YES;
				CLANG_WARN_BOOL_CONVERSION = YES;
				CLANG_WARN_CONSTANT_CONVERSION = YES;
				CLANG_WARN_DIRECT_OBJC_ISA_USAGE = YES_ERROR;
				CLANG_WARN_EMPTY_BODY = YES;
				CLANG_WARN_ENUM_CONVERSION = YES;
				CLANG_WARN_INT_CONVERSION = YES;
				CLANG_WARN_OBJC_ROOT_CLASS = YES_ERROR;
				CLANG_WARN_UNREACHABLE_CODE = YES;
				CLANG_WARN__DUPLICATE_METHOD_MATCH = YES;
				"CODE_SIGN_IDENTITY[sdk=iphoneos*]" = "iPhone Developer";
				COPY_PHASE_STRIP = NO;
				DEBUG_INFORMATION_FORMAT = dwarf;
				ENABLE_STRICT_OBJC_MSGSEND = YES;
				ENABLE_TESTABILITY = YES;
				GCC_C_LANGUAGE_STANDARD = gnu99;
				GCC_DYNAMIC_NO_PIC = NO;
				GCC_NO_COMMON_BLOCKS = YES;
				GCC_OPTIMIZATION_LEVEL = 0;
				GCC_PREPROCESSOR_DEFINITIONS = (
					"DEBUG=1",
					"$(inherited)",
				);
				GCC_WARN_64_TO_32_BIT_CONVERSION = YES;
				GCC_WARN_ABOUT_RETURN_TYPE = YES_ERROR;
				GCC_WARN_UNDECLARED_SELECTOR = YES;
				GCC_WARN_UNINITIALIZED_AUTOS = YES_AGGRESSIVE;
				GCC_WARN_UNUSED_FUNCTION = YES;
				GCC_WARN_UNUSED_VARIABLE = YES;
				IPHONEOS_DEPLOYMENT_TARGET = 9.2;
				MTL_ENABLE_DEBUG_INFO = YES;
				ONLY_ACTIVE_ARCH = YES;
				SDKROOT = iphoneos;
				SWIFT_OPTIMIZATION_LEVEL = "-Onone";
			};
			name = Debug;
		};
		37DF27351C63BF1E00F0CE72 /* Release */ = {
			isa = XCBuildConfiguration;
			buildSettings = {
				ALWAYS_SEARCH_USER_PATHS = NO;
				CLANG_CXX_LANGUAGE_STANDARD = "gnu++0x";
				CLANG_CXX_LIBRARY = "libc++";
				CLANG_ENABLE_MODULES = YES;
				CLANG_ENABLE_OBJC_ARC = YES;
				CLANG_WARN_BOOL_CONVERSION = YES;
				CLANG_WARN_CONSTANT_CONVERSION = YES;
				CLANG_WARN_DIRECT_OBJC_ISA_USAGE = YES_ERROR;
				CLANG_WARN_EMPTY_BODY = YES;
				CLANG_WARN_ENUM_CONVERSION = YES;
				CLANG_WARN_INT_CONVERSION = YES;
				CLANG_WARN_OBJC_ROOT_CLASS = YES_ERROR;
				CLANG_WARN_UNREACHABLE_CODE = YES;
				CLANG_WARN__DUPLICATE_METHOD_MATCH = YES;
				"CODE_SIGN_IDENTITY[sdk=iphoneos*]" = "iPhone Developer";
				COPY_PHASE_STRIP = NO;
				DEBUG_INFORMATION_FORMAT = "dwarf-with-dsym";
				ENABLE_NS_ASSERTIONS = NO;
				ENABLE_STRICT_OBJC_MSGSEND = YES;
				GCC_C_LANGUAGE_STANDARD = gnu99;
				GCC_NO_COMMON_BLOCKS = YES;
				GCC_WARN_64_TO_32_BIT_CONVERSION = YES;
				GCC_WARN_ABOUT_RETURN_TYPE = YES_ERROR;
				GCC_WARN_UNDECLARED_SELECTOR = YES;
				GCC_WARN_UNINITIALIZED_AUTOS = YES_AGGRESSIVE;
				GCC_WARN_UNUSED_FUNCTION = YES;
				GCC_WARN_UNUSED_VARIABLE = YES;
				IPHONEOS_DEPLOYMENT_TARGET = 9.2;
				MTL_ENABLE_DEBUG_INFO = NO;
				SDKROOT = iphoneos;
				VALIDATE_PRODUCT = YES;
			};
			name = Release;
		};
		37DF27371C63BF1E00F0CE72 /* Debug */ = {
			isa = XCBuildConfiguration;
			buildSettings = {
				ASSETCATALOG_COMPILER_APPICON_NAME = AppIcon;
				INFOPLIST_FILE = MemeMe/Info.plist;
				LD_RUNPATH_SEARCH_PATHS = "$(inherited) @executable_path/Frameworks";
				PRODUCT_BUNDLE_IDENTIFIER = com.richurd.MemeMe;
				PRODUCT_NAME = "$(TARGET_NAME)";
			};
			name = Debug;
		};
		37DF27381C63BF1E00F0CE72 /* Release */ = {
			isa = XCBuildConfiguration;
			buildSettings = {
				ASSETCATALOG_COMPILER_APPICON_NAME = AppIcon;
				INFOPLIST_FILE = MemeMe/Info.plist;
				LD_RUNPATH_SEARCH_PATHS = "$(inherited) @executable_path/Frameworks";
				PRODUCT_BUNDLE_IDENTIFIER = com.richurd.MemeMe;
				PRODUCT_NAME = "$(TARGET_NAME)";
			};
			name = Release;
		};
/* End XCBuildConfiguration section */

/* Begin XCConfigurationList section */
		37DF271F1C63BF1E00F0CE72 /* Build configuration list for PBXProject "MemeMe" */ = {
			isa = XCConfigurationList;
			buildConfigurations = (
				37DF27341C63BF1E00F0CE72 /* Debug */,
				37DF27351C63BF1E00F0CE72 /* Release */,
			);
			defaultConfigurationIsVisible = 0;
			defaultConfigurationName = Release;
		};
		37DF27361C63BF1E00F0CE72 /* Build configuration list for PBXNativeTarget "MemeMe" */ = {
			isa = XCConfigurationList;
			buildConfigurations = (
				37DF27371C63BF1E00F0CE72 /* Debug */,
				37DF27381C63BF1E00F0CE72 /* Release */,
			);
			defaultConfigurationIsVisible = 0;
			defaultConfigurationName = Release;
		};
/* End XCConfigurationList section */

/* Begin XCVersionGroup section */
		374A4F041C7E7D22003E2529 /* Model.xcdatamodeld */ = {
			isa = XCVersionGroup;
			children = (
				374A4F051C7E7D22003E2529 /* Model.xcdatamodel */,
			);
			currentVersion = 374A4F051C7E7D22003E2529 /* Model.xcdatamodel */;
			path = Model.xcdatamodeld;
			sourceTree = "<group>";
			versionGroupType = wrapper.xcdatamodel;
		};
/* End XCVersionGroup section */
	};
	rootObject = 37DF271C1C63BF1E00F0CE72 /* Project object */;
}
